
Microsoft Visual Studio Solution File, Format Version 12.00
# Visual Studio 2012
Project("{159641D6-6404-4A2A-AE62-294DE0FE8301}") = "proyecto", "proyecto\proyecto.dtproj", "{C3FD3965-7922-401C-802D-1AE68F970DCD}"
EndProject
Global
	GlobalSection(SolutionConfigurationPlatforms) = preSolution
		Development|Default = Development|Default
	EndGlobalSection
	GlobalSection(ProjectConfigurationPlatforms) = postSolution
		{C3FD3965-7922-401C-802D-1AE68F970DCD}.Development|Default.ActiveCfg = Development
		{C3FD3965-7922-401C-802D-1AE68F970DCD}.Development|Default.Build.0 = Development
	EndGlobalSection
	GlobalSection(SolutionProperties) = preSolution
		HideSolutionNode = FALSE
	EndGlobalSection
EndGlobal
